version: 1
sources:
  security-review:
    repo: github/awesome-copilot
    ref: main
    path: skills/security-review
    destination: vendor/github-awesome-copilot/security-review
    commit: 797cf9f830cc216aa66bb509543c8c93b3ba47d1
    syncedAt: 2026-08-28T04:50:19.283Z
  acquire-codebase-knowledge:
    repo: github/awesome-copilot
    ref: main
    path: skills/acquire-codebase-knowledge
    destination: vendor/github-awesome-copilot/acquire-codebase-knowledge
    commit: 797cf9f830cc216aa66bb509543c8c93b3ba47d1
    syncedAt: 2026-08-28T04:50:24.659Z
  agent-owasp-compliance:
    repo: github/awesome-copilot
    ref: main
    path: skills/agent-owasp-compliance
    destination: vendor/github-awesome-copilot/agent-owasp-compliance
    commit: 797cf9f830cc216aa66bb509543c8c93b3ba47d1
    syncedAt: 2026-08-28T04:50:28.695Z
  architecture-blueprint-generator:
    repo: github/awesome-copilot
    ref: main
    path: skills/architecture-blueprint-generator
    destination: vendor/github-awesome-copilot/architecture-blueprint-generator
    commit: 797cf9f830cc216aa66bb509543c8c93b3ba47d1
    syncedAt: 2026-08-28T04:50:32.815Z
  agentic-eval:
    repo: github/awesome-copilot
    ref: main
    path: skills/agentic-eval
    destination: vendor/github-awesome-copilot/agentic-eval
    commit: 797cf9f830cc216aa66bb509543c8c93b3ba47d1
    syncedAt: 2026-08-28T04:50:36.995Z
  agent-supply-chain:
    repo: github/awesome-copilot
    ref: main
    path: skills/agent-supply-chain
    destination: vendor/github-awesome-copilot/agent-supply-chain
    commit: 797cf9f830cc216aa66bb509543c8c93b3ba47d1
    syncedAt: 2026-08-28T04:50:41.092Z
  agent-skill-stack:
    repo: github/awesome-copilot
    ref: main
    path: skills/agent-skill-stack
    destination: vendor/github-awesome-copilot/agent-skill-stack
    commit: 797cf9f830cc216aa66bb509543c8c93b3ba47d1
    syncedAt: 2026-08-28T04:50:45.094Z
  ai-ready:
    repo: johnpapa/ai-ready
    ref: main
    path: skills/ai-ready
    destination: vendor/johnpapa-ai-ready/ai-ready
    commit: b3538e9104e710c8ce528466840e8db1fee3c56b
    syncedAt: 2026-08-16T22:48:52.860Z
  agent-governance:
    repo: github/awesome-copilot
    ref: main
    path: skills/agent-governance
    destination: vendor/github-awesome-copilot/agent-governance
    commit: 797cf9f830cc216aa66bb509543c8c93b3ba47d1
    syncedAt: 2026-08-28T04:50:49.454Z
  ai-team-orchestration:
    repo: github/awesome-copilot
    ref: main
    path: skills/ai-team-orchestration
    destination: vendor/github-awesome-copilot/ai-team-orchestration
    commit: 797cf9f830cc216aa66bb509543c8c93b3ba47d1
    syncedAt: 2026-08-28T04:50:53.512Z
  one-skill-to-rule-them-all:
    repo: rebelytics/one-skill-to-rule-them-all
    ref: main
    path: .
    destination: vendor/rebelytics-one-skill-to-rule-them-all/one-skill-to-rule-them-all
    commit: 281f13466cd3a73e9ebc9d210907748e1941a3dd
    syncedAt: 2026-08-20T12:43:08.668Z
